
Microsoft Visual Studio Solution File, Format Version 12.00
# Visual Studio Version 17
VisualStudioVersion = 17.0.31903.59
MinimumVisualStudioVersion = 10.0.40219.1
Project("{2150E333-8FDC-42A3-9474-1A3956D46DE8}") = "C# Wrapper", "C# Wrapper", "{7EDABDF6-8990-84A4-7DF6-01A292DBB0AB}"
EndProject
Project("{FAE04EC0-301F-11D3-BF4B-00C04F79EFBC}") = "GalensUnified.CubicGrid.Renderer.NET", "C# Wrapper\GalensUnified.CubicGrid.Renderer.NET.csproj", "{F98BD7C3-BB52-4A95-9E47-EE80C6EC01F0}"
EndProject
Project("{2150E333-8FDC-42A3-9474-1A3956D46DE8}") = "C# Example", "C# Example", "{FFF4F972-AB89-4AAB-5A0E-9EA634C4D492}"
EndProject
Project("{FAE04EC0-301F-11D3-BF4B-00C04F79EFBC}") = "Example Usage", "C# Example\Example Usage.csproj", "{751FB9B9-3BB2-45EB-9E88-2AAB77A302C2}"
EndProject
Global
	GlobalSection(SolutionConfigurationPlatforms) = preSolution
		Debug|Any CPU = Debug|Any CPU
		Debug|x64 = Debug|x64
		Debug|x86 = Debug|x86
		Release|Any CPU = Release|Any CPU
		Release|x64 = Release|x64
		Release|x86 = Release|x86
	EndGlobalSection
	GlobalSection(ProjectConfigurationPlatforms) = postSolution
		{F98BD7C3-BB52-4A95-9E47-EE80C6EC01F0}.Debug|Any CPU.ActiveCfg = Debug|Any CPU
		{F98BD7C3-BB52-4A95-9E47-EE80C6EC01F0}.Debug|Any CPU.Build.0 = Debug|Any CPU
		{F98BD7C3-BB52-4A95-9E47-EE80C6EC01F0}.Debug|x64.ActiveCfg = Debug|Any CPU
		{F98BD7C3-BB52-4A95-9E47-EE80C6EC01F0}.Debug|x64.Build.0 = Debug|Any CPU
		{F98BD7C3-BB52-4A95-9E47-EE80C6EC01F0}.Debug|x86.ActiveCfg = Debug|Any CPU
		{F98BD7C3-BB52-4A95-9E47-EE80C6EC01F0}.Debug|x86.Build.0 = Debug|Any CPU
		{F98BD7C3-BB52-4A95-9E47-EE80C6EC01F0}.Release|Any CPU.ActiveCfg = Release|Any CPU
		{F98BD7C3-BB52-4A95-9E47-EE80C6EC01F0}.Release|Any CPU.Build.0 = Release|Any CPU
		{F98BD7C3-BB52-4A95-9E47-EE80C6EC01F0}.Release|x64.ActiveCfg = Release|Any CPU
		{F98BD7C3-BB52-4A95-9E47-EE80C6EC01F0}.Release|x64.Build.0 = Release|Any CPU
		{F98BD7C3-BB52-4A95-9E47-EE80C6EC01F0}.Release|x86.ActiveCfg = Release|Any CPU
		{F98BD7C3-BB52-4A95-9E47-EE80C6EC01F0}.Release|x86.Build.0 = Release|Any CPU
		{751FB9B9-3BB2-45EB-9E88-2AAB77A302C2}.Debug|Any CPU.ActiveCfg = Debug|Any CPU
		{751FB9B9-3BB2-45EB-9E88-2AAB77A302C2}.Debug|Any CPU.Build.0 = Debug|Any CPU
		{751FB9B9-3BB2-45EB-9E88-2AAB77A302C2}.Debug|x64.ActiveCfg = Debug|Any CPU
		{751FB9B9-3BB2-45EB-9E88-2AAB77A302C2}.Debug|x64.Build.0 = Debug|Any CPU
		{751FB9B9-3BB2-45EB-9E88-2AAB77A302C2}.Debug|x86.ActiveCfg = Debug|Any CPU
		{751FB9B9-3BB2-45EB-9E88-2AAB77A302C2}.Debug|x86.Build.0 = Debug|Any CPU
		{751FB9B9-3BB2-45EB-9E88-2AAB77A302C2}.Release|Any CPU.ActiveCfg = Release|Any CPU
		{751FB9B9-3BB2-45EB-9E88-2AAB77A302C2}.Release|Any CPU.Build.0 = Release|Any CPU
		{751FB9B9-3BB2-45EB-9E88-2AAB77A302C2}.Release|x64.ActiveCfg = Release|Any CPU
		{751FB9B9-3BB2-45EB-9E88-2AAB77A302C2}.Release|x64.Build.0 = Release|Any CPU
		{751FB9B9-3BB2-45EB-9E88-2AAB77A302C2}.Release|x86.ActiveCfg = Release|Any CPU
		{751FB9B9-3BB2-45EB-9E88-2AAB77A302C2}.Release|x86.Build.0 = Release|Any CPU
	EndGlobalSection
	GlobalSection(SolutionProperties) = preSolution
		HideSolutionNode = FALSE
	EndGlobalSection
	GlobalSection(NestedProjects) = preSolution
		{F98BD7C3-BB52-4A95-9E47-EE80C6EC01F0} = {7EDABDF6-8990-84A4-7DF6-01A292DBB0AB}
		{751FB9B9-3BB2-45EB-9E88-2AAB77A302C2} = {FFF4F972-AB89-4AAB-5A0E-9EA634C4D492}
	EndGlobalSection
EndGlobal
